
Microsoft Visual Studio Solution File, Format Version 12.00
# Visual Studio 15
VisualStudioVersion = 15.0.27703.2026
MinimumVisualStudioVersion = 10.0.40219.1
Project("{FAE04EC0-301F-11D3-BF4B-00C04F79EFBC}") = "WhiteBoarding", "WhiteBoading\WhiteBoarding.csproj", "{559107BD-F204-4507-A5B3-E99889D22AAA}"
EndProject
Global
	GlobalSection(SolutionConfigurationPlatforms) = preSolution
		Debug|Any CPU = Debug|Any CPU
		Release|Any CPU = Release|Any CPU
	EndGlobalSection
	GlobalSection(ProjectConfigurationPlatforms) = postSolution
		{559107BD-F204-4507-A5B3-E99889D22AAA}.Debug|Any CPU.ActiveCfg = Debug|Any CPU
		{559107BD-F204-4507-A5B3-E99889D22AAA}.Debug|Any CPU.Build.0 = Debug|Any CPU
		{559107BD-F204-4507-A5B3-E99889D22AAA}.Release|Any CPU.ActiveCfg = Release|Any CPU
		{559107BD-F204-4507-A5B3-E99889D22AAA}.Release|Any CPU.Build.0 = Release|Any CPU
	EndGlobalSection
	GlobalSection(SolutionProperties) = preSolution
		HideSolutionNode = FALSE
	EndGlobalSection
	GlobalSection(ExtensibilityGlobals) = postSolution
		SolutionGuid = {184AAF12-0804-46A9-B78C-89F61701411B}
	EndGlobalSection
EndGlobal
